Microsoft Visual Studio Solution File, Format Version 12.00
# Visual Studio Version 16
VisualStudioVersion = 16.0.28803.452
MinimumVisualStudioVersion = 10.0.40219.1
Project("{9A19103F-16F7-4668-BE54-9A1E7A4F7556}") = "STVrogue", "STVrogue\STVrogue.csproj", "{14174D3C-4A85-462B-AF8E-A77DDD4A941F}"
EndProject
Project("{9A19103F-16F7-4668-BE54-9A1E7A4F7556}") = "MSUnitTests", "MSUnitTests\MSUnitTests.csproj", "{693AB00D-17B3-4419-9ECB-9160A7FB11FE}"
EndProject
Global
	GlobalSection(SolutionConfigurationPlatforms) = preSolution
		Debug|Any CPU = Debug|Any CPU
		Release|Any CPU = Release|Any CPU
	EndGlobalSection
	GlobalSection(ProjectConfigurationPlatforms) = postSolution
		{14174D3C-4A85-462B-AF8E-A77DDD4A941F}.Debug|Any CPU.ActiveCfg = Debug|Any CPU
		{14174D3C-4A85-462B-AF8E-A77DDD4A941F}.Debug|Any CPU.Build.0 = Debug|Any CPU
		{14174D3C-4A85-462B-AF8E-A77DDD4A941F}.Release|Any CPU.ActiveCfg = Release|Any CPU
		{14174D3C-4A85-462B-AF8E-A77DDD4A941F}.Release|Any CPU.Build.0 = Release|Any CPU
		{693AB00D-17B3-4419-9ECB-9160A7FB11FE}.Debug|Any CPU.ActiveCfg = Debug|Any CPU
		{693AB00D-17B3-4419-9ECB-9160A7FB11FE}.Debug|Any CPU.Build.0 = Debug|Any CPU
		{693AB00D-17B3-4419-9ECB-9160A7FB11FE}.Release|Any CPU.ActiveCfg = Release|Any CPU
		{693AB00D-17B3-4419-9ECB-9160A7FB11FE}.Release|Any CPU.Build.0 = Release|Any CPU
	EndGlobalSection
	GlobalSection(SolutionProperties) = preSolution
		HideSolutionNode = FALSE
	EndGlobalSection
	GlobalSection(ExtensibilityGlobals) = postSolution
		SolutionGuid = {235AF4C5-8495-4C37-9598-D3F58CDE7F3E}
	EndGlobalSection
EndGlobal
